
Microsoft Visual Studio Solution File, Format Version 12.00
# Visual Studio Version 17
VisualStudioVersion = 17.0.31912.275
MinimumVisualStudioVersion = 10.0.40219.1
Project("{FAE04EC0-301F-11D3-BF4B-00C04F79EFBC}") = "SPECtacular", "SPECtacular\SPECtacular.csproj", "{603DED49-B83E-478D-B80D-D39D7FBB9C1B}"
EndProject
Global
	GlobalSection(SolutionConfigurationPlatforms) = preSolution
		Debug|Any CPU = Debug|Any CPU
		Release|Any CPU = Release|Any CPU
	EndGlobalSection
	GlobalSection(ProjectConfigurationPlatforms) = postSolution
		{603DED49-B83E-478D-B80D-D39D7FBB9C1B}.Debug|Any CPU.ActiveCfg = Debug|Any CPU
		{603DED49-B83E-478D-B80D-D39D7FBB9C1B}.Debug|Any CPU.Build.0 = Debug|Any CPU
		{603DED49-B83E-478D-B80D-D39D7FBB9C1B}.Release|Any CPU.ActiveCfg = Release|Any CPU
		{603DED49-B83E-478D-B80D-D39D7FBB9C1B}.Release|Any CPU.Build.0 = Release|Any CPU
	EndGlobalSection
	GlobalSection(SolutionProperties) = preSolution
		HideSolutionNode = FALSE
	EndGlobalSection
	GlobalSection(ExtensibilityGlobals) = postSolution
		SolutionGuid = {803056ED-78AD-45EF-91D5-D89FFA004F2B}
	EndGlobalSection
EndGlobal
